
Microsoft Visual Studio Solution File, Format Version 12.00
# Visual Studio Version 17
VisualStudioVersion = 17.4.33110.190
MinimumVisualStudioVersion = 10.0.40219.1
Project("{8BC9CEB8-8B4A-11D0-8D11-00A0C91BC942}") = "obs-dotnet.standalone.bootstrapper", "obs-dotnet.bootstrapper\obs-dotnet.bootstrapper.vcxproj", "{D7B2EEA6-5C78-4CD7-88BC-7AA57EC02376}"
EndProject
Project("{FAE04EC0-301F-11D3-BF4B-00C04F79EFBC}") = "obs-dotnet.standalone", "obs-dotnet\obs-dotnet.standalone.csproj", "{44B51ADF-6B82-4F12-A990-B50CB7BF163F}"
EndProject
Project("{8BC9CEB8-8B4A-11D0-8D11-00A0C91BC942}") = "obs-dotnet.bootstrapper-shared", "..\core\obs-dotnet.bootstrapper-shared\obs-dotnet.bootstrapper-shared.vcxitems", "{F1CD49CB-5A61-43DD-9117-DA7B820BD8C7}"
EndProject
Project("{D954291E-2A0B-460D-934E-DC6B0785DB48}") = "obs-dotnet.shared", "..\core\obs-dotnet.shared\obs-dotnet.shared.shproj", "{5FF38265-0F19-4CC4-B494-9AC9A221B16B}"
EndProject
Global
	GlobalSection(SolutionConfigurationPlatforms) = preSolution
		Debug|Any CPU = Debug|Any CPU
		Debug|x64 = Debug|x64
		Debug|x86 = Debug|x86
		Release|Any CPU = Release|Any CPU
		Release|x64 = Release|x64
		Release|x86 = Release|x86
	EndGlobalSection
	GlobalSection(ProjectConfigurationPlatforms) = postSolution
		{D7B2EEA6-5C78-4CD7-88BC-7AA57EC02376}.Debug|Any CPU.ActiveCfg = Debug|x64
		{D7B2EEA6-5C78-4CD7-88BC-7AA57EC02376}.Debug|Any CPU.Build.0 = Debug|x64
		{D7B2EEA6-5C78-4CD7-88BC-7AA57EC02376}.Debug|x64.ActiveCfg = Debug|x64
		{D7B2EEA6-5C78-4CD7-88BC-7AA57EC02376}.Debug|x64.Build.0 = Debug|x64
		{D7B2EEA6-5C78-4CD7-88BC-7AA57EC02376}.Debug|x86.ActiveCfg = Debug|Win32
		{D7B2EEA6-5C78-4CD7-88BC-7AA57EC02376}.Debug|x86.Build.0 = Debug|Win32
		{D7B2EEA6-5C78-4CD7-88BC-7AA57EC02376}.Release|Any CPU.ActiveCfg = Release|x64
		{D7B2EEA6-5C78-4CD7-88BC-7AA57EC02376}.Release|Any CPU.Build.0 = Release|x64
		{D7B2EEA6-5C78-4CD7-88BC-7AA57EC02376}.Release|x64.ActiveCfg = Release|x64
		{D7B2EEA6-5C78-4CD7-88BC-7AA57EC02376}.Release|x64.Build.0 = Release|x64
		{D7B2EEA6-5C78-4CD7-88BC-7AA57EC02376}.Release|x86.ActiveCfg = Release|Win32
		{D7B2EEA6-5C78-4CD7-88BC-7AA57EC02376}.Release|x86.Build.0 = Release|Win32
		{44B51ADF-6B82-4F12-A990-B50CB7BF163F}.Debug|Any CPU.ActiveCfg = Debug|Any CPU
		{44B51ADF-6B82-4F12-A990-B50CB7BF163F}.Debug|Any CPU.Build.0 = Debug|Any CPU
		{44B51ADF-6B82-4F12-A990-B50CB7BF163F}.Debug|x64.ActiveCfg = Debug|Any CPU
		{44B51ADF-6B82-4F12-A990-B50CB7BF163F}.Debug|x64.Build.0 = Debug|Any CPU
		{44B51ADF-6B82-4F12-A990-B50CB7BF163F}.Debug|x86.ActiveCfg = Debug|Any CPU
		{44B51ADF-6B82-4F12-A990-B50CB7BF163F}.Debug|x86.Build.0 = Debug|Any CPU
		{44B51ADF-6B82-4F12-A990-B50CB7BF163F}.Release|Any CPU.ActiveCfg = Release|Any CPU
		{44B51ADF-6B82-4F12-A990-B50CB7BF163F}.Release|Any CPU.Build.0 = Release|Any CPU
		{44B51ADF-6B82-4F12-A990-B50CB7BF163F}.Release|x64.ActiveCfg = Release|Any CPU
		{44B51ADF-6B82-4F12-A990-B50CB7BF163F}.Release|x64.Build.0 = Release|Any CPU
		{44B51ADF-6B82-4F12-A990-B50CB7BF163F}.Release|x86.ActiveCfg = Release|Any CPU
		{44B51ADF-6B82-4F12-A990-B50CB7BF163F}.Release|x86.Build.0 = Release|Any CPU
	EndGlobalSection
	GlobalSection(SolutionProperties) = preSolution
		HideSolutionNode = FALSE
	EndGlobalSection
	GlobalSection(ExtensibilityGlobals) = postSolution
		SolutionGuid = {1CBF6ABC-D5E7-4FA8-A9F6-9C6F01998651}
	EndGlobalSection
	GlobalSection(SharedMSBuildProjectFiles) = preSolution
		..\core\obs-dotnet.shared\obs-dotnet.shared.projitems*{44b51adf-6b82-4f12-a990-b50cb7bf163f}*SharedItemsImports = 4
		..\core\obs-dotnet.shared\obs-dotnet.shared.projitems*{5ff38265-0f19-4cc4-b494-9ac9a221b16b}*SharedItemsImports = 13
		..\core\obs-dotnet.bootstrapper-shared\obs-dotnet.bootstrapper-shared.vcxitems*{d7b2eea6-5c78-4cd7-88bc-7aa57ec02376}*SharedItemsImports = 4
		..\core\obs-dotnet.bootstrapper-shared\obs-dotnet.bootstrapper-shared.vcxitems*{f1cd49cb-5a61-43dd-9117-da7b820bd8c7}*SharedItemsImports = 9
	EndGlobalSection
EndGlobal
